
Microsoft Visual Studio Solution File, Format Version 12.00
# Visual Studio Version 17
VisualStudioVersion = 17.2.32630.192
MinimumVisualStudioVersion = 10.0.40219.1
Project("{FAE04EC0-301F-11D3-BF4B-00C04F79EFBC}") = "HelloWorld2_NowWithGitHub", "HelloWorld2_NowWithGitHub\HelloWorld2_NowWithGitHub.csproj", "{F8C67024-F21F-491A-A307-F32554DF5117}"
EndProject
Global
	GlobalSection(SolutionConfigurationPlatforms) = preSolution
		Debug|Any CPU = Debug|Any CPU
		Release|Any CPU = Release|Any CPU
	EndGlobalSection
	GlobalSection(ProjectConfigurationPlatforms) = postSolution
		{F8C67024-F21F-491A-A307-F32554DF5117}.Debug|Any CPU.ActiveCfg = Debug|Any CPU
		{F8C67024-F21F-491A-A307-F32554DF5117}.Debug|Any CPU.Build.0 = Debug|Any CPU
		{F8C67024-F21F-491A-A307-F32554DF5117}.Release|Any CPU.ActiveCfg = Release|Any CPU
		{F8C67024-F21F-491A-A307-F32554DF5117}.Release|Any CPU.Build.0 = Release|Any CPU
	EndGlobalSection
	GlobalSection(SolutionProperties) = preSolution
		HideSolutionNode = FALSE
	EndGlobalSection
	GlobalSection(ExtensibilityGlobals) = postSolution
		SolutionGuid = {CCF64589-1458-4F0D-979D-3A7889C9C8A3}
	EndGlobalSection
EndGlobal
